
Microsoft Visual Studio Solution File, Format Version 12.00
Project("{FAE04EC0-301F-11D3-BF4B-00C04F79EFBC}") = "Combo_box_and_list_box_controls_demo", "Combo_box_and_list_box_controls_demo.csproj", "{1B46E78F-32FC-4F7D-8704-9105105E972C}"
EndProject
Global
	GlobalSection(SolutionConfigurationPlatforms) = preSolution
		Debug|Any CPU = Debug|Any CPU
		Release|Any CPU = Release|Any CPU
	EndGlobalSection
	GlobalSection(ProjectConfigurationPlatforms) = postSolution
		{1B46E78F-32FC-4F7D-8704-9105105E972C}.Debug|Any CPU.ActiveCfg = Debug|Any CPU
		{1B46E78F-32FC-4F7D-8704-9105105E972C}.Debug|Any CPU.Build.0 = Debug|Any CPU
		{1B46E78F-32FC-4F7D-8704-9105105E972C}.Release|Any CPU.ActiveCfg = Release|Any CPU
		{1B46E78F-32FC-4F7D-8704-9105105E972C}.Release|Any CPU.Build.0 = Release|Any CPU
	EndGlobalSection
EndGlobal
